// !$*UTF8*$!
{
	archiveVersion = 1;
	classes = {
	};
	objectVersion = 46;
	objects = {
/* Begin PBXBuildFile section */
		00E356F31AD99517003FC87E /* CanopiiTests.m in Sources */ = {isa = PBXBuildFile; fileRef = 00E356F21AD99517003FC87E /* CanopiiTests.m */; };
		047FD62264FE4FE6B83D01B8 /* pic3.jpg in Resources */ = {isa = PBXBuildFile; fileRef = D3262D7C0FA54772AE94BFB2 /* pic3.jpg */; };
		04FA62E6274444B38BA99D18 /* LobedLeaf1.png in Resources */ = {isa = PBXBuildFile; fileRef = E8711F45B1744C29ACA1FD03 /* LobedLeaf1.png */; };
		05BB4583C28D737790FB46C0 /* libPods-Canopii-tvOS.a in Frameworks */ = {isa = PBXBuildFile; fileRef = F4B3F48BBF7BDDBB90C36325 /* libPods-Canopii-tvOS.a */; };
		06003D5533C14AC697209E8E /* pic5.jpg in Resources */ = {isa = PBXBuildFile; fileRef = D3F12E5C04DD4A5B830C9E59 /* pic5.jpg */; };
		0D13EF2C387B45FEB495719E /* pic4.jpeg in Resources */ = {isa = PBXBuildFile; fileRef = F91AEF10E8B74AFA82E47D95 /* pic4.jpeg */; };
		0DCA7D0C104D489299412193 /* lab.jpg in Resources */ = {isa = PBXBuildFile; fileRef = 26795B7299CA43FA80155638 /* lab.jpg */; };
		0E43724DA3125EB7CCAC50A9 /* libPods-Canopii.a in Frameworks */ = {isa = PBXBuildFile; fileRef = 845AC69A30F222FDE80D0580 /* libPods-Canopii.a */; };
		13B07FBC1A68108700A75B9A /* AppDelegate.m in Sources */ = {isa = PBXBuildFile; fileRef = 13B07FB01A68108700A75B9A /* AppDelegate.m */; };
		13B07FC11A68108700A75B9A /* main.m in Sources */ = {isa = PBXBuildFile; fileRef = 13B07FB71A68108700A75B9A /* main.m */; };
		17223D1E63304562B0B17856 /* pic2.jpeg in Resources */ = {isa = PBXBuildFile; fileRef = 12910858BF31439F8B7C360C /* pic2.jpeg */; };
		1788087E80394E0B8298BD21 /* pic6.jpg in Resources */ = {isa = PBXBuildFile; fileRef = 5C84964C31874ED682A5AECA /* pic6.jpg */; };
		1B6B19575B880924BED0C274 /* libPods-Canopii-tvOSTests.a in Frameworks */ = {isa = PBXBuildFile; fileRef = 58502C401AAC0767D370C172 /* libPods-Canopii-tvOSTests.a */; };
		28B39E0620F547E386CFF35D /* HeartBase.png in Resources */ = {isa = PBXBuildFile; fileRef = EAC8EC658B584C11A77F9E73 /* HeartBase.png */; };
		2D02E4BC1E0B4A80006451C7 /* AppDelegate.m in Sources */ = {isa = PBXBuildFile; fileRef = 13B07FB01A68108700A75B9A /* AppDelegate.m */; };
		2D02E4BD1E0B4A84006451C7 /* Images.xcassets in Resources */ = {isa = PBXBuildFile; fileRef = 13B07FB51A68108700A75B9A /* Images.xcassets */; };
		2D02E4BF1E0B4AB3006451C7 /* main.m in Sources */ = {isa = PBXBuildFile; fileRef = 13B07FB71A68108700A75B9A /* main.m */; };
		2DCD954D1E0B4F2C00145EB5 /* CanopiiTests.m in Sources */ = {isa = PBXBuildFile; fileRef = 00E356F21AD99517003FC87E /* CanopiiTests.m */; };
		342A6DC711DE49E294CFE99F /* Muli-Medium.ttf in Resources */ = {isa = PBXBuildFile; fileRef = B07C3B6AF368421E9D7CFB52 /* Muli-Medium.ttf */; };
		38584B1182AD4CB499849F7A /* EntireLeaf.png in Resources */ = {isa = PBXBuildFile; fileRef = 8EB8E02278BD4A60B98B9348 /* EntireLeaf.png */; };
		38D6965D9E8B449EAD205A03 /* pic1.png in Resources */ = {isa = PBXBuildFile; fileRef = 14A9DA0C976744C3909F58C2 /* pic1.png */; };
		4B0DB11AD1FF448A922FB73E /* pic4.png in Resources */ = {isa = PBXBuildFile; fileRef = 264C50DA8642466D9B449BBA /* pic4.png */; };
		5384E54AE7F54BE5B679F52B /* AngledBase.png in Resources */ = {isa = PBXBuildFile; fileRef = A88F09CB90214EA6A6D98CB0 /* AngledBase.png */; };
		68E0B7F43C0D48D59B54F3C3 /* pic2.jpg in Resources */ = {isa = PBXBuildFile; fileRef = 0F8A4BD121B84CAC8DE90306 /* pic2.jpg */; };
		6B0CBA35E613F600C901F2B4 /* libPods-CanopiiTests.a in Frameworks */ = {isa = PBXBuildFile; fileRef = 8E651C0D6B9F2DCE978A5593 /* libPods-CanopiiTests.a */; };
		79BE2A18FE974F4FA913D6E7 /* pic4.jpg in Resources */ = {isa = PBXBuildFile; fileRef = 79F7F3EBF8A44E91A5B7EBAF /* pic4.jpg */; };
		886364073E484903AB5B1C18 /* OppositeBranching.png in Resources */ = {isa = PBXBuildFile; fileRef = 2968C992B21E4AF3B14D96B8 /* OppositeBranching.png */; };
		8FD4732845C04C73AE874D1E /* lab_rounded.jpg in Resources */ = {isa = PBXBuildFile; fileRef = 31E992C0FD6A41F49ED06CDD /* lab_rounded.jpg */; };
		9194045CEA7E4206A39F9B7A /* Muli-Bold.ttf in Resources */ = {isa = PBXBuildFile; fileRef = 5187154495914C968E29E9A9 /* Muli-Bold.ttf */; };
		95A008C80ADE444984EFA46A /* Deciduous.png in Resources */ = {isa = PBXBuildFile; fileRef = 7FEB1D463FD541619F378B14 /* Deciduous.png */; };
		97A680BA86C94151AB04C321 /* pic5.png in Resources */ = {isa = PBXBuildFile; fileRef = 20F0F1818937401C9FD44844 /* pic5.png */; };
		9FDACA576C88458B838EB2C7 /* Coniferous.png in Resources */ = {isa = PBXBuildFile; fileRef = 78CD3DEBB2C24388A4F506FA /* Coniferous.png */; };
		A55332D1772E418493A41B22 /* LobedLeaf2.png in Resources */ = {isa = PBXBuildFile; fileRef = 19418FEB994A44E88E0469B1 /* LobedLeaf2.png */; };
		A8219AF4955E4564ADD77AD8 /* AlternateBranching.png in Resources */ = {isa = PBXBuildFile; fileRef = 7669C3466EDD434BB18E35A2 /* AlternateBranching.png */; };
		AF86734480D4445DBB4087EA /* RoundBase.png in Resources */ = {isa = PBXBuildFile; fileRef = 6FD1A0439C064662A4EAB27B /* RoundBase.png */; };
		C12D0F0344D242908B9DE947 /* pic3.png in Resources */ = {isa = PBXBuildFile; fileRef = 9A8D8E2E7E2241319091057E /* pic3.png */; };
		C632BE64697349EBB94536B6 /* pic1.jpg in Resources */ = {isa = PBXBuildFile; fileRef = 34F1967CBA074945AA2E6B1B /* pic1.jpg */; };
		CDBF3C4ACFB34C8B98C95D19 /* UnevenBase.png in Resources */ = {isa = PBXBuildFile; fileRef = F7A0A8197E224769B5F37851 /* UnevenBase.png */; };
		D335A2A4148B44F893503105 /* SimpleLeaf.png in Resources */ = {isa = PBXBuildFile; fileRef = 1A627641050541A28BF72115 /* SimpleLeaf.png */; };
		DAAE055C57824E648B2E1B24 /* SharpBase.png in Resources */ = {isa = PBXBuildFile; fileRef = D25DD2E101E74FC9B634B19D /* SharpBase.png */; };
		E5C6F82D0507481299D6F4AA /* lab.png in Resources */ = {isa = PBXBuildFile; fileRef = 3E6DC18356A44DD0839AE809 /* lab.png */; };
		EFAB1AEF77EC4680A27CE359 /* CompoundLeaf.png in Resources */ = {isa = PBXBuildFile; fileRef = 85D38097FCD846C2B3D2CA46 /* CompoundLeaf.png */; };
		FE79085CAD4B4218A7A37D63 /* pic2.png in Resources */ = {isa = PBXBuildFile; fileRef = B51142EBAB724FE9BC457BAB /* pic2.png */; };
		56ACD7B3A0FA4736AEDE3D13 /* Muli-Regular.ttf in Resources */ = {isa = PBXBuildFile; fileRef = EDE3CC8A14F7403E88D98B9C /* Muli-Regular.ttf */; };
/* End PBXBuildFile section */

/* Begin PBXContainerItemProxy section */
		00E356F41AD99517003FC87E /* PBXContainerItemProxy */ = {
			isa = PBXContainerItemProxy;
			containerPortal = 83CBB9F71A601CBA00E9B192 /* Project object */;
			proxyType = 1;
			remoteGlobalIDString = 13B07F861A680F5B00A75B9A;
			remoteInfo = Canopii;
		};
		2D02E4911E0B4A5D006451C7 /* PBXContainerItemProxy */ = {
			isa = PBXContainerItemProxy;
			containerPortal = 83CBB9F71A601CBA00E9B192 /* Project object */;
			proxyType = 1;
			remoteGlobalIDString = 2D02E47A1E0B4A5D006451C7;
			remoteInfo = "Canopii-tvOS";
		};
/* End PBXContainerItemProxy section */

/* Begin PBXFileReference section */
		008F07F21AC5B25A0029DE68 /* main.jsbundle */ = {isa = PBXFileReference; fileEncoding = 4; lastKnownFileType = text; path = main.jsbundle; sourceTree = "<group>"; };
		00E356EE1AD99517003FC87E /* CanopiiTests.xctest */ = {isa = PBXFileReference; explicitFileType = wrapper.cfbundle; includeInIndex = 0; path = CanopiiTests.xctest; sourceTree = BUILT_PRODUCTS_DIR; };
		00E356F11AD99517003FC87E /* Info.plist */ = {isa = PBXFileReference; lastKnownFileType = text.plist.xml; path = Info.plist; sourceTree = "<group>"; };
		00E356F21AD99517003FC87E /* CanopiiTests.m */ = {isa = PBXFileReference; lastKnownFileType = sourcecode.c.objc; path = CanopiiTests.m; sourceTree = "<group>"; };
		0DE7C158252543579E7EAE6F /* Feather.ttf */ = {isa = PBXFileReference; explicitFileType = undefined; fileEncoding = 9; includeInIndex = 0; lastKnownFileType = unknown; name = Feather.ttf; path = "../node_modules/react-native-vector-icons/Fonts/Feather.ttf"; sourceTree = "<group>"; };
		0F8A4BD121B84CAC8DE90306 /* pic2.jpg */ = {isa = PBXFileReference; explicitFileType = undefined; fileEncoding = 9; includeInIndex = 0; lastKnownFileType = unknown; name = pic2.jpg; path = ../images/leaves/acer_ginnala/pic2.jpg; sourceTree = "<group>"; };
		12910858BF31439F8B7C360C /* pic2.jpeg */ = {isa = PBXFileReference; explicitFileType = undefined; fileEncoding = 9; includeInIndex = 0; lastKnownFileType = unknown; name = pic2.jpeg; path = ../images/leaves/acer_rubrum/pic2.jpeg; sourceTree = "<group>"; };
		13B07F961A680F5B00A75B9A /* Canopii.app */ = {isa = PBXFileReference; explicitFileType = wrapper.application; includeInIndex = 0; path = Canopii.app; sourceTree = BUILT_PRODUCTS_DIR; };
		13B07FAF1A68108700A75B9A /* AppDelegate.h */ = {isa = PBXFileReference; fileEncoding = 4; lastKnownFileType = sourcecode.c.h; name = AppDelegate.h; path = Canopii/AppDelegate.h; sourceTree = "<group>"; };
		13B07FB01A68108700A75B9A /* AppDelegate.m */ = {isa = PBXFileReference; fileEncoding = 4; lastKnownFileType = sourcecode.c.objc; name = AppDelegate.m; path = Canopii/AppDelegate.m; sourceTree = "<group>"; };
		13B07FB21A68108700A75B9A /* Base */ = {isa = PBXFileReference; lastKnownFileType = file.xib; name = Base; path = Base.lproj/LaunchScreen.xib; sourceTree = "<group>"; };
		13B07FB51A68108700A75B9A /* Images.xcassets */ = {isa = PBXFileReference; lastKnownFileType = folder.assetcatalog; name = Images.xcassets; path = Canopii/Images.xcassets; sourceTree = "<group>"; };
		13B07FB61A68108700A75B9A /* Info.plist */ = {isa = PBXFileReference; fileEncoding = 4; lastKnownFileType = text.plist.xml; name = Info.plist; path = Canopii/Info.plist; sourceTree = "<group>"; };
		13B07FB71A68108700A75B9A /* main.m */ = {isa = PBXFileReference; fileEncoding = 4; lastKnownFileType = sourcecode.c.objc; name = main.m; path = Canopii/main.m; sourceTree = "<group>"; };
		14A9DA0C976744C3909F58C2 /* pic1.png */ = {isa = PBXFileReference; explicitFileType = undefined; fileEncoding = 9; includeInIndex = 0; lastKnownFileType = unknown; name = pic1.png; path = ../images/leaves/ginkgo_biloba/pic1.png; sourceTree = "<group>"; };
		18025CA8B6A0C40ECE407B15 /* Pods-Canopii.debug.xcconfig */ = {isa = PBXFileReference; includeInIndex = 1; lastKnownFileType = text.xcconfig; name = "Pods-Canopii.debug.xcconfig"; path = "Target Support Files/Pods-Canopii/Pods-Canopii.debug.xcconfig"; sourceTree = "<group>"; };
		19418FEB994A44E88E0469B1 /* LobedLeaf2.png */ = {isa = PBXFileReference; explicitFileType = undefined; fileEncoding = 9; includeInIndex = 0; lastKnownFileType = unknown; name = LobedLeaf2.png; path = ../images/LobedLeaf2.png; sourceTree = "<group>"; };
		1A627641050541A28BF72115 /* SimpleLeaf.png */ = {isa = PBXFileReference; explicitFileType = undefined; fileEncoding = 9; includeInIndex = 0; lastKnownFileType = unknown; name = SimpleLeaf.png; path = ../images/SimpleLeaf.png; sourceTree = "<group>"; };
		20F0F1818937401C9FD44844 /* pic5.png */ = {isa = PBXFileReference; explicitFileType = undefined; fileEncoding = 9; includeInIndex = 0; lastKnownFileType = unknown; name = pic5.png; path = ../images/leaves/ginkgo_biloba/pic5.png; sourceTree = "<group>"; };
		212EBAFE308347D19AFCE44A /* FontAwesome.ttf */ = {isa = PBXFileReference; explicitFileType = undefined; fileEncoding = 9; includeInIndex = 0; lastKnownFileType = unknown; name = FontAwesome.ttf; path = "../node_modules/react-native-vector-icons/Fonts/FontAwesome.ttf"; sourceTree = "<group>"; };
		264C50DA8642466D9B449BBA /* pic4.png */ = {isa = PBXFileReference; explicitFileType = undefined; fileEncoding = 9; includeInIndex = 0; lastKnownFileType = unknown; name = pic4.png; path = ../images/leaves/ginkgo_biloba/pic4.png; sourceTree = "<group>"; };
		26795B7299CA43FA80155638 /* lab.jpg */ = {isa = PBXFileReference; explicitFileType = undefined; fileEncoding = 9; includeInIndex = 0; lastKnownFileType = unknown; name = lab.jpg; path = ../images/leaves/acer_negundo/lab.jpg; sourceTree = "<group>"; };
		2968C992B21E4AF3B14D96B8 /* OppositeBranching.png */ = {isa = PBXFileReference; explicitFileType = undefined; fileEncoding = 9; includeInIndex = 0; lastKnownFileType = unknown; name = OppositeBranching.png; path = ../images/OppositeBranching.png; sourceTree = "<group>"; };
		2C9160E2728B4573B88931C0 /* FontAwesome5_Regular.ttf */ = {isa = PBXFileReference; explicitFileType = undefined; fileEncoding = 9; includeInIndex = 0; lastKnownFileType = unknown; name = FontAwesome5_Regular.ttf; path = "../node_modules/react-native-vector-icons/Fonts/FontAwesome5_Regular.ttf"; sourceTree = "<group>"; };
		2D02E47B1E0B4A5D006451C7 /* Canopii-tvOS.app */ = {isa = PBXFileReference; explicitFileType = wrapper.application; includeInIndex = 0; path = "Canopii-tvOS.app"; sourceTree = BUILT_PRODUCTS_DIR; };
		2D02E4901E0B4A5D006451C7 /* Canopii-tvOSTests.xctest */ = {isa = PBXFileReference; explicitFileType = wrapper.cfbundle; includeInIndex = 0; path = "Canopii-tvOSTests.xctest"; sourceTree = BUILT_PRODUCTS_DIR; };
		31E992C0FD6A41F49ED06CDD /* lab_rounded.jpg */ = {isa = PBXFileReference; explicitFileType = undefined; fileEncoding = 9; includeInIndex = 0; lastKnownFileType = unknown; name = lab_rounded.jpg; path = ../images/leaves/acer_rubrum/lab_rounded.jpg; sourceTree = "<group>"; };
		34F1967CBA074945AA2E6B1B /* pic1.jpg */ = {isa = PBXFileReference; explicitFileType = undefined; fileEncoding = 9; includeInIndex = 0; lastKnownFileType = unknown; name = pic1.jpg; path = ../images/leaves/acer_ginnala/pic1.jpg; sourceTree = "<group>"; };
		3E6DC18356A44DD0839AE809 /* lab.png */ = {isa = PBXFileReference; explicitFileType = undefined; fileEncoding = 9; includeInIndex = 0; lastKnownFileType = unknown; name = lab.png; path = ../images/leaves/acer_ginnala/lab.png; sourceTree = "<group>"; };
		4EFE41BFD5B64B7FB53536D7 /* Foundation.ttf */ = {isa = PBXFileReference; explicitFileType = undefined; fileEncoding = 9; includeInIndex = 0; lastKnownFileType = unknown; name = Foundation.ttf; path = "../node_modules/react-native-vector-icons/Fonts/Foundation.ttf"; sourceTree = "<group>"; };
		5187154495914C968E29E9A9 /* Muli-Bold.ttf */ = {isa = PBXFileReference; explicitFileType = undefined; fileEncoding = 9; includeInIndex = 0; lastKnownFileType = unknown; name = "Muli-Bold.ttf"; path = "../fonts/Muli-Bold.ttf"; sourceTree = "<group>"; };
		578A81D6F1D14244B776528F /* MaterialIcons.ttf */ = {isa = PBXFileReference; explicitFileType = undefined; fileEncoding = 9; includeInIndex = 0; lastKnownFileType = unknown; name = MaterialIcons.ttf; path = "../node_modules/react-native-vector-icons/Fonts/MaterialIcons.ttf"; sourceTree = "<group>"; };
		58502C401AAC0767D370C172 /* libPods-Canopii-tvOSTests.a */ = {isa = PBXFileReference; explicitFileType = archive.ar; includeInIndex = 0; path = "libPods-Canopii-tvOSTests.a"; sourceTree = BUILT_PRODUCTS_DIR; };
		5904B9F5D74F4EA099E18F37 /* EvilIcons.ttf */ = {isa = PBXFileReference; explicitFileType = undefined; fileEncoding = 9; includeInIndex = 0; lastKnownFileType = unknown; name = EvilIcons.ttf; path = "../node_modules/react-native-vector-icons/Fonts/EvilIcons.ttf"; sourceTree = "<group>"; };
		5C42B5FB5B6BBC6D0137570F /* Pods-CanopiiTests.release.xcconfig */ = {isa = PBXFileReference; includeInIndex = 1; lastKnownFileType = text.xcconfig; name = "Pods-CanopiiTests.release.xcconfig"; path = "Target Support Files/Pods-CanopiiTests/Pods-CanopiiTests.release.xcconfig"; sourceTree = "<group>"; };
		5C84964C31874ED682A5AECA /* pic6.jpg */ = {isa = PBXFileReference; explicitFileType = undefined; fileEncoding = 9; includeInIndex = 0; lastKnownFileType = unknown; name = pic6.jpg; path = ../images/leaves/acer_saccharum/pic6.jpg; sourceTree = "<group>"; };
		6ABB8255E75A1C033E54CC5A /* Pods-Canopii-tvOSTests.debug.xcconfig */ = {isa = PBXFileReference; includeInIndex = 1; lastKnownFileType = text.xcconfig; name = "Pods-Canopii-tvOSTests.debug.xcconfig"; path = "Target Support Files/Pods-Canopii-tvOSTests/Pods-Canopii-tvOSTests.debug.xcconfig"; sourceTree = "<group>"; };
		6F9C82CB4BEF497DAC5348C7 /* Entypo.ttf */ = {isa = PBXFileReference; explicitFileType = undefined; fileEncoding = 9; includeInIndex = 0; lastKnownFileType = unknown; name = Entypo.ttf; path = "../node_modules/react-native-vector-icons/Fonts/Entypo.ttf"; sourceTree = "<group>"; };
		6FD1A0439C064662A4EAB27B /* RoundBase.png */ = {isa = PBXFileReference; explicitFileType = undefined; fileEncoding = 9; includeInIndex = 0; lastKnownFileType = unknown; name = RoundBase.png; path = ../images/RoundBase.png; sourceTree = "<group>"; };
		7669C3466EDD434BB18E35A2 /* AlternateBranching.png */ = {isa = PBXFileReference; explicitFileType = undefined; fileEncoding = 9; includeInIndex = 0; lastKnownFileType = unknown; name = AlternateBranching.png; path = ../images/AlternateBranching.png; sourceTree = "<group>"; };
		78CD3DEBB2C24388A4F506FA /* Coniferous.png */ = {isa = PBXFileReference; explicitFileType = undefined; fileEncoding = 9; includeInIndex = 0; lastKnownFileType = unknown; name = Coniferous.png; path = ../images/Coniferous.png; sourceTree = "<group>"; };
		79F7F3EBF8A44E91A5B7EBAF /* pic4.jpg */ = {isa = PBXFileReference; explicitFileType = undefined; fileEncoding = 9; includeInIndex = 0; lastKnownFileType = unknown; name = pic4.jpg; path = ../images/leaves/acer_negundo/pic4.jpg; sourceTree = "<group>"; };
		7FEB1D463FD541619F378B14 /* Deciduous.png */ = {isa = PBXFileReference; explicitFileType = undefined; fileEncoding = 9; includeInIndex = 0; lastKnownFileType = unknown; name = Deciduous.png; path = ../images/Deciduous.png; sourceTree = "<group>"; };
		845AC69A30F222FDE80D0580 /* libPods-Canopii.a */ = {isa = PBXFileReference; explicitFileType = archive.ar; includeInIndex = 0; path = "libPods-Canopii.a"; sourceTree = BUILT_PRODUCTS_DIR; };
		85D38097FCD846C2B3D2CA46 /* CompoundLeaf.png */ = {isa = PBXFileReference; explicitFileType = undefined; fileEncoding = 9; includeInIndex = 0; lastKnownFileType = unknown; name = CompoundLeaf.png; path = ../images/CompoundLeaf.png; sourceTree = "<group>"; };
		86C7EC393B354884B0F2C743 /* SimpleLineIcons.ttf */ = {isa = PBXFileReference; explicitFileType = undefined; fileEncoding = 9; includeInIndex = 0; lastKnownFileType = unknown; name = SimpleLineIcons.ttf; path = "../node_modules/react-native-vector-icons/Fonts/SimpleLineIcons.ttf"; sourceTree = "<group>"; };
		8BB6520014AB47FD6CBAE823 /* Pods-Canopii-tvOSTests.release.xcconfig */ = {isa = PBXFileReference; includeInIndex = 1; lastKnownFileType = text.xcconfig; name = "Pods-Canopii-tvOSTests.release.xcconfig"; path = "Target Support Files/Pods-Canopii-tvOSTests/Pods-Canopii-tvOSTests.release.xcconfig"; sourceTree = "<group>"; };
		8E651C0D6B9F2DCE978A5593 /* libPods-CanopiiTests.a */ = {isa = PBXFileReference; explicitFileType = archive.ar; includeInIndex = 0; path = "libPods-CanopiiTests.a"; sourceTree = BUILT_PRODUCTS_DIR; };
		8EB8E02278BD4A60B98B9348 /* EntireLeaf.png */ = {isa = PBXFileReference; explicitFileType = undefined; fileEncoding = 9; includeInIndex = 0; lastKnownFileType = unknown; name = EntireLeaf.png; path = ../images/EntireLeaf.png; sourceTree = "<group>"; };
		90886F9F06581FDBBEAC6D88 /* Pods-Canopii-tvOS.release.xcconfig */ = {isa = PBXFileReference; includeInIndex = 1; lastKnownFileType = text.xcconfig; name = "Pods-Canopii-tvOS.release.xcconfig"; path = "Target Support Files/Pods-Canopii-tvOS/Pods-Canopii-tvOS.release.xcconfig"; sourceTree = "<group>"; };
		9A8D8E2E7E2241319091057E /* pic3.png */ = {isa = PBXFileReference; explicitFileType = undefined; fileEncoding = 9; includeInIndex = 0; lastKnownFileType = unknown; name = pic3.png; path = ../images/leaves/acer_ginnala/pic3.png; sourceTree = "<group>"; };
		9C63A5FB344B4C0EA29593A5 /* OpenSans-Bold.ttf */ = {isa = PBXFileReference; explicitFileType = undefined; fileEncoding = 9; includeInIndex = 0; lastKnownFileType = unknown; name = "OpenSans-Bold.ttf"; path = "../fonts/OpenSans-Bold.ttf"; sourceTree = "<group>"; };
		A1E6189B7A4A4889B94AFCE2 /* OpenSans-Regular.ttf */ = {isa = PBXFileReference; explicitFileType = undefined; fileEncoding = 9; includeInIndex = 0; lastKnownFileType = unknown; name = "OpenSans-Regular.ttf"; path = "../fonts/OpenSans-Regular.ttf"; sourceTree = "<group>"; };
		A88F09CB90214EA6A6D98CB0 /* AngledBase.png */ = {isa = PBXFileReference; explicitFileType = undefined; fileEncoding = 9; includeInIndex = 0; lastKnownFileType = unknown; name = AngledBase.png; path = ../images/AngledBase.png; sourceTree = "<group>"; };
		B07C3B6AF368421E9D7CFB52 /* Muli-Medium.ttf */ = {isa = PBXFileReference; explicitFileType = undefined; fileEncoding = 9; includeInIndex = 0; lastKnownFileType = unknown; name = "Muli-Medium.ttf"; path = "../fonts/Muli-Medium.ttf"; sourceTree = "<group>"; };
		B51142EBAB724FE9BC457BAB /* pic2.png */ = {isa = PBXFileReference; explicitFileType = undefined; fileEncoding = 9; includeInIndex = 0; lastKnownFileType = unknown; name = pic2.png; path = ../images/leaves/ginkgo_biloba/pic2.png; sourceTree = "<group>"; };
		BBE81A2F9B574491A4F6CA05 /* Octicons.ttf */ = {isa = PBXFileReference; explicitFileType = undefined; fileEncoding = 9; includeInIndex = 0; lastKnownFileType = unknown; name = Octicons.ttf; path = "../node_modules/react-native-vector-icons/Fonts/Octicons.ttf"; sourceTree = "<group>"; };
		BFE4DFEEBB3653D0840CBC3B /* Pods-CanopiiTests.debug.xcconfig */ = {isa = PBXFileReference; includeInIndex = 1; lastKnownFileType = text.xcconfig; name = "Pods-CanopiiTests.debug.xcconfig"; path = "Target Support Files/Pods-CanopiiTests/Pods-CanopiiTests.debug.xcconfig"; sourceTree = "<group>"; };
		C33D748A69E248B4B5DBEA70 /* Ionicons.ttf */ = {isa = PBXFileReference; explicitFileType = undefined; fileEncoding = 9; includeInIndex = 0; lastKnownFileType = unknown; name = Ionicons.ttf; path = "../node_modules/react-native-vector-icons/Fonts/Ionicons.ttf"; sourceTree = "<group>"; };
		C60440C8935A456F8EE4521E /* Fontisto.ttf */ = {isa = PBXFileReference; explicitFileType = undefined; fileEncoding = 9; includeInIndex = 0; lastKnownFileType = unknown; name = Fontisto.ttf; path = "../node_modules/react-native-vector-icons/Fonts/Fontisto.ttf"; sourceTree = "<group>"; };
		C6B1B9B247F846B0B4732411 /* FontAwesome5_Brands.ttf */ = {isa = PBXFileReference; explicitFileType = undefined; fileEncoding = 9; includeInIndex = 0; lastKnownFileType = unknown; name = FontAwesome5_Brands.ttf; path = "../node_modules/react-native-vector-icons/Fonts/FontAwesome5_Brands.ttf"; sourceTree = "<group>"; };
		D25DD2E101E74FC9B634B19D /* SharpBase.png */ = {isa = PBXFileReference; explicitFileType = undefined; fileEncoding = 9; includeInIndex = 0; lastKnownFileType = unknown; name = SharpBase.png; path = ../images/SharpBase.png; sourceTree = "<group>"; };
		D3262D7C0FA54772AE94BFB2 /* pic3.jpg */ = {isa = PBXFileReference; explicitFileType = undefined; fileEncoding = 9; includeInIndex = 0; lastKnownFileType = unknown; name = pic3.jpg; path = ../images/leaves/acer_negundo/pic3.jpg; sourceTree = "<group>"; };
		D3F12E5C04DD4A5B830C9E59 /* pic5.jpg */ = {isa = PBXFileReference; explicitFileType = undefined; fileEncoding = 9; includeInIndex = 0; lastKnownFileType = unknown; name = pic5.jpg; path = ../images/leaves/acer_rubrum/pic5.jpg; sourceTree = "<group>"; };
		E0388A066EE32FFD450A2DE9 /* Pods-Canopii.release.xcconfig */ = {isa = PBXFileReference; includeInIndex = 1; lastKnownFileType = text.xcconfig; name = "Pods-Canopii.release.xcconfig"; path = "Target Support Files/Pods-Canopii/Pods-Canopii.release.xcconfig"; sourceTree = "<group>"; };
		E0771B450EFB49EC84377161 /* FontAwesome5_Solid.ttf */ = {isa = PBXFileReference; explicitFileType = undefined; fileEncoding = 9; includeInIndex = 0; lastKnownFileType = unknown; name = FontAwesome5_Solid.ttf; path = "../node_modules/react-native-vector-icons/Fonts/FontAwesome5_Solid.ttf"; sourceTree = "<group>"; };
		E8711F45B1744C29ACA1FD03 /* LobedLeaf1.png */ = {isa = PBXFileReference; explicitFileType = undefined; fileEncoding = 9; includeInIndex = 0; lastKnownFileType = unknown; name = LobedLeaf1.png; path = ../images/LobedLeaf1.png; sourceTree = "<group>"; };
		EAC8EC658B584C11A77F9E73 /* HeartBase.png */ = {isa = PBXFileReference; explicitFileType = undefined; fileEncoding = 9; includeInIndex = 0; lastKnownFileType = unknown; name = HeartBase.png; path = ../images/HeartBase.png; sourceTree = "<group>"; };
		ED297162215061F000B7C4FE /* JavaScriptCore.framework */ = {isa = PBXFileReference; lastKnownFileType = wrapper.framework; name = JavaScriptCore.framework; path = System/Library/Frameworks/JavaScriptCore.framework; sourceTree = SDKROOT; };
		ED2971642150620600B7C4FE /* JavaScriptCore.framework */ = {isa = PBXFileReference; lastKnownFileType = wrapper.framework; name = JavaScriptCore.framework; path = Platforms/AppleTVOS.platform/Developer/SDKs/AppleTVOS12.0.sdk/System/Library/Frameworks/JavaScriptCore.framework; sourceTree = DEVELOPER_DIR; };
		EF8B10D133FD410096A9E6EA /* MaterialCommunityIcons.ttf */ = {isa = PBXFileReference; explicitFileType = undefined; fileEncoding = 9; includeInIndex = 0; lastKnownFileType = unknown; name = MaterialCommunityIcons.ttf; path = "../node_modules/react-native-vector-icons/Fonts/MaterialCommunityIcons.ttf"; sourceTree = "<group>"; };
		F16BC3DE04728E8E899E9C21 /* Pods-Canopii-tvOS.debug.xcconfig */ = {isa = PBXFileReference; includeInIndex = 1; lastKnownFileType = text.xcconfig; name = "Pods-Canopii-tvOS.debug.xcconfig"; path = "Target Support Files/Pods-Canopii-tvOS/Pods-Canopii-tvOS.debug.xcconfig"; sourceTree = "<group>"; };
		F4B3F48BBF7BDDBB90C36325 /* libPods-Canopii-tvOS.a */ = {isa = PBXFileReference; explicitFileType = archive.ar; includeInIndex = 0; path = "libPods-Canopii-tvOS.a"; sourceTree = BUILT_PRODUCTS_DIR; };
		F7A0A8197E224769B5F37851 /* UnevenBase.png */ = {isa = PBXFileReference; explicitFileType = undefined; fileEncoding = 9; includeInIndex = 0; lastKnownFileType = unknown; name = UnevenBase.png; path = ../images/UnevenBase.png; sourceTree = "<group>"; };
		F91AEF10E8B74AFA82E47D95 /* pic4.jpeg */ = {isa = PBXFileReference; explicitFileType = undefined; fileEncoding = 9; includeInIndex = 0; lastKnownFileType = unknown; name = pic4.jpeg; path = ../images/leaves/acer_ginnala/pic4.jpeg; sourceTree = "<group>"; };
		FC05F4B8A25E49C793F750D9 /* Zocial.ttf */ = {isa = PBXFileReference; explicitFileType = undefined; fileEncoding = 9; includeInIndex = 0; lastKnownFileType = unknown; name = Zocial.ttf; path = "../node_modules/react-native-vector-icons/Fonts/Zocial.ttf"; sourceTree = "<group>"; };
		FDC19E1E01B24428BC5E6E2A /* AntDesign.ttf */ = {isa = PBXFileReference; explicitFileType = undefined; fileEncoding = 9; includeInIndex = 0; lastKnownFileType = unknown; name = AntDesign.ttf; path = "../node_modules/react-native-vector-icons/Fonts/AntDesign.ttf"; sourceTree = "<group>"; };
		EDE3CC8A14F7403E88D98B9C /* Muli-Regular.ttf */ = {isa = PBXFileReference; name = "Muli-Regular.ttf"; path = "../fonts/Muli-Regular.ttf"; sourceTree = "<group>"; fileEncoding = undefined; lastKnownFileType = unknown; explicitFileType = undefined; includeInIndex = 0; };
/* End PBXFileReference section */

/* Begin PBXFrameworksBuildPhase section */
		00E356EB1AD99517003FC87E /* Frameworks */ = {
			isa = PBXFrameworksBuildPhase;
			buildActionMask = 2147483647;
			files = (
				6B0CBA35E613F600C901F2B4 /* libPods-CanopiiTests.a in Frameworks */,
			);
			runOnlyForDeploymentPostprocessing = 0;
		};
		13B07F8C1A680F5B00A75B9A /* Frameworks */ = {
			isa = PBXFrameworksBuildPhase;
			buildActionMask = 2147483647;
			files = (
				0E43724DA3125EB7CCAC50A9 /* libPods-Canopii.a in Frameworks */,
			);
			runOnlyForDeploymentPostprocessing = 0;
		};
		2D02E4781E0B4A5D006451C7 /* Frameworks */ = {
			isa = PBXFrameworksBuildPhase;
			buildActionMask = 2147483647;
			files = (
				05BB4583C28D737790FB46C0 /* libPods-Canopii-tvOS.a in Frameworks */,
			);
			runOnlyForDeploymentPostprocessing = 0;
		};
		2D02E48D1E0B4A5D006451C7 /* Frameworks */ = {
			isa = PBXFrameworksBuildPhase;
			buildActionMask = 2147483647;
			files = (
				1B6B19575B880924BED0C274 /* libPods-Canopii-tvOSTests.a in Frameworks */,
			);
			runOnlyForDeploymentPostprocessing = 0;
		};
/* End PBXFrameworksBuildPhase section */

/* Begin PBXGroup section */
		00E356EF1AD99517003FC87E /* CanopiiTests */ = {
			isa = PBXGroup;
			children = (
				00E356F21AD99517003FC87E /* CanopiiTests.m */,
				00E356F01AD99517003FC87E /* Supporting Files */,
			);
			path = CanopiiTests;
			sourceTree = "<group>";
		};
		00E356F01AD99517003FC87E /* Supporting Files */ = {
			isa = PBXGroup;
			children = (
				00E356F11AD99517003FC87E /* Info.plist */,
			);
			name = "Supporting Files";
			sourceTree = "<group>";
		};
		13B07FAE1A68108700A75B9A /* Canopii */ = {
			isa = PBXGroup;
			children = (
				008F07F21AC5B25A0029DE68 /* main.jsbundle */,
				13B07FAF1A68108700A75B9A /* AppDelegate.h */,
				13B07FB01A68108700A75B9A /* AppDelegate.m */,
				13B07FB51A68108700A75B9A /* Images.xcassets */,
				13B07FB61A68108700A75B9A /* Info.plist */,
				13B07FB11A68108700A75B9A /* LaunchScreen.xib */,
				13B07FB71A68108700A75B9A /* main.m */,
			);
			name = Canopii;
			sourceTree = "<group>";
		};
		227F07A287036D3E051868E4 /* Pods */ = {
			isa = PBXGroup;
			children = (
				18025CA8B6A0C40ECE407B15 /* Pods-Canopii.debug.xcconfig */,
				E0388A066EE32FFD450A2DE9 /* Pods-Canopii.release.xcconfig */,
				F16BC3DE04728E8E899E9C21 /* Pods-Canopii-tvOS.debug.xcconfig */,
				90886F9F06581FDBBEAC6D88 /* Pods-Canopii-tvOS.release.xcconfig */,
				6ABB8255E75A1C033E54CC5A /* Pods-Canopii-tvOSTests.debug.xcconfig */,
				8BB6520014AB47FD6CBAE823 /* Pods-Canopii-tvOSTests.release.xcconfig */,
				BFE4DFEEBB3653D0840CBC3B /* Pods-CanopiiTests.debug.xcconfig */,
				5C42B5FB5B6BBC6D0137570F /* Pods-CanopiiTests.release.xcconfig */,
			);
			path = Pods;
			sourceTree = "<group>";
		};
		2D16E6871FA4F8E400B85C8A /* Frameworks */ = {
			isa = PBXGroup;
			children = (
				ED297162215061F000B7C4FE /* JavaScriptCore.framework */,
				ED2971642150620600B7C4FE /* JavaScriptCore.framework */,
				845AC69A30F222FDE80D0580 /* libPods-Canopii.a */,
				F4B3F48BBF7BDDBB90C36325 /* libPods-Canopii-tvOS.a */,
				58502C401AAC0767D370C172 /* libPods-Canopii-tvOSTests.a */,
				8E651C0D6B9F2DCE978A5593 /* libPods-CanopiiTests.a */,
			);
			name = Frameworks;
			sourceTree = "<group>";
		};
		4C77077321E54576B5AAF331 /* Resources */ = {
			isa = PBXGroup;
			children = (
				A1E6189B7A4A4889B94AFCE2 /* OpenSans-Regular.ttf */,
				9C63A5FB344B4C0EA29593A5 /* OpenSans-Bold.ttf */,
				FDC19E1E01B24428BC5E6E2A /* AntDesign.ttf */,
				6F9C82CB4BEF497DAC5348C7 /* Entypo.ttf */,
				5904B9F5D74F4EA099E18F37 /* EvilIcons.ttf */,
				0DE7C158252543579E7EAE6F /* Feather.ttf */,
				212EBAFE308347D19AFCE44A /* FontAwesome.ttf */,
				C6B1B9B247F846B0B4732411 /* FontAwesome5_Brands.ttf */,
				2C9160E2728B4573B88931C0 /* FontAwesome5_Regular.ttf */,
				E0771B450EFB49EC84377161 /* FontAwesome5_Solid.ttf */,
				C60440C8935A456F8EE4521E /* Fontisto.ttf */,
				4EFE41BFD5B64B7FB53536D7 /* Foundation.ttf */,
				C33D748A69E248B4B5DBEA70 /* Ionicons.ttf */,
				EF8B10D133FD410096A9E6EA /* MaterialCommunityIcons.ttf */,
				578A81D6F1D14244B776528F /* MaterialIcons.ttf */,
				BBE81A2F9B574491A4F6CA05 /* Octicons.ttf */,
				86C7EC393B354884B0F2C743 /* SimpleLineIcons.ttf */,
				FC05F4B8A25E49C793F750D9 /* Zocial.ttf */,
				7669C3466EDD434BB18E35A2 /* AlternateBranching.png */,
				85D38097FCD846C2B3D2CA46 /* CompoundLeaf.png */,
				78CD3DEBB2C24388A4F506FA /* Coniferous.png */,
				7FEB1D463FD541619F378B14 /* Deciduous.png */,
				8EB8E02278BD4A60B98B9348 /* EntireLeaf.png */,
				EAC8EC658B584C11A77F9E73 /* HeartBase.png */,
				E8711F45B1744C29ACA1FD03 /* LobedLeaf1.png */,
				19418FEB994A44E88E0469B1 /* LobedLeaf2.png */,
				2968C992B21E4AF3B14D96B8 /* OppositeBranching.png */,
				6FD1A0439C064662A4EAB27B /* RoundBase.png */,
				D25DD2E101E74FC9B634B19D /* SharpBase.png */,
				1A627641050541A28BF72115 /* SimpleLeaf.png */,
				F7A0A8197E224769B5F37851 /* UnevenBase.png */,
				3E6DC18356A44DD0839AE809 /* lab.png */,
				34F1967CBA074945AA2E6B1B /* pic1.jpg */,
				0F8A4BD121B84CAC8DE90306 /* pic2.jpg */,
				9A8D8E2E7E2241319091057E /* pic3.png */,
				F91AEF10E8B74AFA82E47D95 /* pic4.jpeg */,
				26795B7299CA43FA80155638 /* lab.jpg */,
				D3262D7C0FA54772AE94BFB2 /* pic3.jpg */,
				79F7F3EBF8A44E91A5B7EBAF /* pic4.jpg */,
				12910858BF31439F8B7C360C /* pic2.jpeg */,
				D3F12E5C04DD4A5B830C9E59 /* pic5.jpg */,
				5C84964C31874ED682A5AECA /* pic6.jpg */,
				14A9DA0C976744C3909F58C2 /* pic1.png */,
				B51142EBAB724FE9BC457BAB /* pic2.png */,
				264C50DA8642466D9B449BBA /* pic4.png */,
				20F0F1818937401C9FD44844 /* pic5.png */,
				A88F09CB90214EA6A6D98CB0 /* AngledBase.png */,
				31E992C0FD6A41F49ED06CDD /* lab_rounded.jpg */,
				5187154495914C968E29E9A9 /* Muli-Bold.ttf */,
				B07C3B6AF368421E9D7CFB52 /* Muli-Medium.ttf */,
				EDE3CC8A14F7403E88D98B9C /* Muli-Regular.ttf */,
			);
			name = Resources;
			sourceTree = "<group>";
		};
		832341AE1AAA6A7D00B99B32 /* Libraries */ = {
			isa = PBXGroup;
			children = (
			);
			name = Libraries;
			sourceTree = "<group>";
		};
		83CBB9F61A601CBA00E9B192 = {
			isa = PBXGroup;
			children = (
				13B07FAE1A68108700A75B9A /* Canopii */,
				832341AE1AAA6A7D00B99B32 /* Libraries */,
				00E356EF1AD99517003FC87E /* CanopiiTests */,
				83CBBA001A601CBA00E9B192 /* Products */,
				2D16E6871FA4F8E400B85C8A /* Frameworks */,
				227F07A287036D3E051868E4 /* Pods */,
				4C77077321E54576B5AAF331 /* Resources */,
			);
			indentWidth = 2;
			sourceTree = "<group>";
			tabWidth = 2;
			usesTabs = 0;
		};
		83CBBA001A601CBA00E9B192 /* Products */ = {
			isa = PBXGroup;
			children = (
				13B07F961A680F5B00A75B9A /* Canopii.app */,
				00E356EE1AD99517003FC87E /* CanopiiTests.xctest */,
				2D02E47B1E0B4A5D006451C7 /* Canopii-tvOS.app */,
				2D02E4901E0B4A5D006451C7 /* Canopii-tvOSTests.xctest */,
			);
			name = Products;
			sourceTree = "<group>";
		};
/* End PBXGroup section */

/* Begin PBXNativeTarget section */
		00E356ED1AD99517003FC87E /* CanopiiTests */ = {
			isa = PBXNativeTarget;
			buildConfigurationList = 00E357021AD99517003FC87E /* Build configuration list for PBXNativeTarget "CanopiiTests" */;
			buildPhases = (
				97FE2514AF363146DFACA925 /* [CP] Check Pods Manifest.lock */,
				00E356EA1AD99517003FC87E /* Sources */,
				00E356EB1AD99517003FC87E /* Frameworks */,
				00E356EC1AD99517003FC87E /* Resources */,
			);
			buildRules = (
			);
			dependencies = (
				00E356F51AD99517003FC87E /* PBXTargetDependency */,
			);
			name = CanopiiTests;
			productName = CanopiiTests;
			productReference = 00E356EE1AD99517003FC87E /* CanopiiTests.xctest */;
			productType = "com.apple.product-type.bundle.unit-test";
		};
		13B07F861A680F5B00A75B9A /* Canopii */ = {
			isa = PBXNativeTarget;
			buildConfigurationList = 13B07F931A680F5B00A75B9A /* Build configuration list for PBXNativeTarget "Canopii" */;
			buildPhases = (
				C182B38708547D45303CAB13 /* [CP] Check Pods Manifest.lock */,
				FD10A7F022414F080027D42C /* Start Packager */,
				13B07F871A680F5B00A75B9A /* Sources */,
				13B07F8C1A680F5B00A75B9A /* Frameworks */,
				13B07F8E1A680F5B00A75B9A /* Resources */,
				00DD1BFF1BD5951E006B06BC /* Bundle React Native code and images */,
				E628FF825ECA6A30FA3AD9E6 /* [CP] Copy Pods Resources */,
			);
			buildRules = (
			);
			dependencies = (
			);
			name = Canopii;
			productName = Canopii;
			productReference = 13B07F961A680F5B00A75B9A /* Canopii.app */;
			productType = "com.apple.product-type.application";
		};
		2D02E47A1E0B4A5D006451C7 /* Canopii-tvOS */ = {
			isa = PBXNativeTarget;
			buildConfigurationList = 2D02E4BA1E0B4A5E006451C7 /* Build configuration list for PBXNativeTarget "Canopii-tvOS" */;
			buildPhases = (
				AE401C5A1CC57BBC0B6AC985 /* [CP] Check Pods Manifest.lock */,
				FD10A7F122414F3F0027D42C /* Start Packager */,
				2D02E4771E0B4A5D006451C7 /* Sources */,
				2D02E4781E0B4A5D006451C7 /* Frameworks */,
				2D02E4791E0B4A5D006451C7 /* Resources */,
				2D02E4CB1E0B4B27006451C7 /* Bundle React Native Code And Images */,
			);
			buildRules = (
			);
			dependencies = (
			);
			name = "Canopii-tvOS";
			productName = "Canopii-tvOS";
			productReference = 2D02E47B1E0B4A5D006451C7 /* Canopii-tvOS.app */;
			productType = "com.apple.product-type.application";
		};
		2D02E48F1E0B4A5D006451C7 /* Canopii-tvOSTests */ = {
			isa = PBXNativeTarget;
			buildConfigurationList = 2D02E4BB1E0B4A5E006451C7 /* Build configuration list for PBXNativeTarget "Canopii-tvOSTests" */;
			buildPhases = (
				FFE84C2D219371AC0A079DA1 /* [CP] Check Pods Manifest.lock */,
				2D02E48C1E0B4A5D006451C7 /* Sources */,
				2D02E48D1E0B4A5D006451C7 /* Frameworks */,
				2D02E48E1E0B4A5D006451C7 /* Resources */,
			);
			buildRules = (
			);
			dependencies = (
				2D02E4921E0B4A5D006451C7 /* PBXTargetDependency */,
			);
			name = "Canopii-tvOSTests";
			productName = "Canopii-tvOSTests";
			productReference = 2D02E4901E0B4A5D006451C7 /* Canopii-tvOSTests.xctest */;
			productType = "com.apple.product-type.bundle.unit-test";
		};
/* End PBXNativeTarget section */

/* Begin PBXProject section */
		83CBB9F71A601CBA00E9B192 /* Project object */ = {
			isa = PBXProject;
			attributes = {
				LastUpgradeCheck = 1110;
				ORGANIZATIONNAME = Facebook;
				TargetAttributes = {
					00E356ED1AD99517003FC87E = {
						CreatedOnToolsVersion = 6.2;
						DevelopmentTeam = U9UDK29MLW;
						TestTargetID = 13B07F861A680F5B00A75B9A;
					};
					13B07F861A680F5B00A75B9A = {
						DevelopmentTeam = U9UDK29MLW;
					};
					2D02E47A1E0B4A5D006451C7 = {
						CreatedOnToolsVersion = 8.2.1;
						ProvisioningStyle = Automatic;
					};
					2D02E48F1E0B4A5D006451C7 = {
						CreatedOnToolsVersion = 8.2.1;
						ProvisioningStyle = Automatic;
						TestTargetID = 2D02E47A1E0B4A5D006451C7;
					};
				};
			};
			buildConfigurationList = 83CBB9FA1A601CBA00E9B192 /* Build configuration list for PBXProject "Canopii" */;
			compatibilityVersion = "Xcode 3.2";
			developmentRegion = en;
			hasScannedForEncodings = 0;
			knownRegions = (
				en,
				Base,
			);
			mainGroup = 83CBB9F61A601CBA00E9B192;
			productRefGroup = 83CBBA001A601CBA00E9B192 /* Products */;
			projectDirPath = "";
			projectRoot = "";
			targets = (
				13B07F861A680F5B00A75B9A /* Canopii */,
				00E356ED1AD99517003FC87E /* CanopiiTests */,
				2D02E47A1E0B4A5D006451C7 /* Canopii-tvOS */,
				2D02E48F1E0B4A5D006451C7 /* Canopii-tvOSTests */,
			);
		};
/* End PBXProject section */

/* Begin PBXResourcesBuildPhase section */
		00E356EC1AD99517003FC87E /* Resources */ = {
			isa = PBXResourcesBuildPhase;
			buildActionMask = 2147483647;
			files = (
			);
			runOnlyForDeploymentPostprocessing = 0;
		};
		13B07F8E1A680F5B00A75B9A /* Resources */ = {
			isa = PBXResourcesBuildPhase;
			buildActionMask = 2147483647;
			files = (
				A8219AF4955E4564ADD77AD8 /* AlternateBranching.png in Resources */,
				EFAB1AEF77EC4680A27CE359 /* CompoundLeaf.png in Resources */,
				9FDACA576C88458B838EB2C7 /* Coniferous.png in Resources */,
				95A008C80ADE444984EFA46A /* Deciduous.png in Resources */,
				38584B1182AD4CB499849F7A /* EntireLeaf.png in Resources */,
				28B39E0620F547E386CFF35D /* HeartBase.png in Resources */,
				04FA62E6274444B38BA99D18 /* LobedLeaf1.png in Resources */,
				A55332D1772E418493A41B22 /* LobedLeaf2.png in Resources */,
				886364073E484903AB5B1C18 /* OppositeBranching.png in Resources */,
				AF86734480D4445DBB4087EA /* RoundBase.png in Resources */,
				DAAE055C57824E648B2E1B24 /* SharpBase.png in Resources */,
				D335A2A4148B44F893503105 /* SimpleLeaf.png in Resources */,
				CDBF3C4ACFB34C8B98C95D19 /* UnevenBase.png in Resources */,
				E5C6F82D0507481299D6F4AA /* lab.png in Resources */,
				C632BE64697349EBB94536B6 /* pic1.jpg in Resources */,
				68E0B7F43C0D48D59B54F3C3 /* pic2.jpg in Resources */,
				C12D0F0344D242908B9DE947 /* pic3.png in Resources */,
				0D13EF2C387B45FEB495719E /* pic4.jpeg in Resources */,
				0DCA7D0C104D489299412193 /* lab.jpg in Resources */,
				047FD62264FE4FE6B83D01B8 /* pic3.jpg in Resources */,
				79BE2A18FE974F4FA913D6E7 /* pic4.jpg in Resources */,
				17223D1E63304562B0B17856 /* pic2.jpeg in Resources */,
				06003D5533C14AC697209E8E /* pic5.jpg in Resources */,
				1788087E80394E0B8298BD21 /* pic6.jpg in Resources */,
				38D6965D9E8B449EAD205A03 /* pic1.png in Resources */,
				FE79085CAD4B4218A7A37D63 /* pic2.png in Resources */,
				4B0DB11AD1FF448A922FB73E /* pic4.png in Resources */,
				97A680BA86C94151AB04C321 /* pic5.png in Resources */,
				5384E54AE7F54BE5B679F52B /* AngledBase.png in Resources */,
				8FD4732845C04C73AE874D1E /* lab_rounded.jpg in Resources */,
				9194045CEA7E4206A39F9B7A /* Muli-Bold.ttf in Resources */,
				342A6DC711DE49E294CFE99F /* Muli-Medium.ttf in Resources */,
				56ACD7B3A0FA4736AEDE3D13 /* Muli-Regular.ttf in Resources */,
			);
			runOnlyForDeploymentPostprocessing = 0;
		};
		2D02E4791E0B4A5D006451C7 /* Resources */ = {
			isa = PBXResourcesBuildPhase;
			buildActionMask = 2147483647;
			files = (
				2D02E4BD1E0B4A84006451C7 /* Images.xcassets in Resources */,
			);
			runOnlyForDeploymentPostprocessing = 0;
		};
		2D02E48E1E0B4A5D006451C7 /* Resources */ = {
			isa = PBXResourcesBuildPhase;
			buildActionMask = 2147483647;
			files = (
			);
			runOnlyForDeploymentPostprocessing = 0;
		};
/* End PBXResourcesBuildPhase section */

/* Begin PBXShellScriptBuildPhase section */
		00DD1BFF1BD5951E006B06BC /* Bundle React Native code and images */ = {
			isa = PBXShellScriptBuildPhase;
			buildActionMask = 2147483647;
			files = (
			);
			inputPaths = (
			);
			name = "Bundle React Native code and images";
			outputPaths = (
			);
			runOnlyForDeploymentPostprocessing = 0;
			shellPath = /bin/sh;
			shellScript = "export NODE_BINARY=node\n../node_modules/react-native/scripts/react-native-xcode.sh";
		};
		2D02E4CB1E0B4B27006451C7 /* Bundle React Native Code And Images */ = {
			isa = PBXShellScriptBuildPhase;
			buildActionMask = 2147483647;
			files = (
			);
			inputPaths = (
			);
			name = "Bundle React Native Code And Images";
			outputPaths = (
			);
			runOnlyForDeploymentPostprocessing = 0;
			shellPath = /bin/sh;
			shellScript = "export NODE_BINARY=node\n../node_modules/react-native/scripts/react-native-xcode.sh";
		};
		97FE2514AF363146DFACA925 /* [CP] Check Pods Manifest.lock */ = {
			isa = PBXShellScriptBuildPhase;
			buildActionMask = 2147483647;
			files = (
			);
			inputFileListPaths = (
			);
			inputPaths = (
				"${PODS_PODFILE_DIR_PATH}/Podfile.lock",
				"${PODS_ROOT}/Manifest.lock",
			);
			name = "[CP] Check Pods Manifest.lock";
			outputFileListPaths = (
			);
			outputPaths = (
				"$(DERIVED_FILE_DIR)/Pods-CanopiiTests-checkManifestLockResult.txt",
			);
			runOnlyForDeploymentPostprocessing = 0;
			shellPath = /bin/sh;
			shellScript = "diff \"${PODS_PODFILE_DIR_PATH}/Podfile.lock\" \"${PODS_ROOT}/Manifest.lock\" > /dev/null\nif [ $? != 0 ] ; then\n    # print error to STDERR\n    echo \"error: The sandbox is not in sync with the Podfile.lock. Run 'pod install' or update your CocoaPods installation.\" >&2\n    exit 1\nfi\n# This output is used by Xcode 'outputs' to avoid re-running this script phase.\necho \"SUCCESS\" > \"${SCRIPT_OUTPUT_FILE_0}\"\n";
			showEnvVarsInLog = 0;
		};
		AE401C5A1CC57BBC0B6AC985 /* [CP] Check Pods Manifest.lock */ = {
			isa = PBXShellScriptBuildPhase;
			buildActionMask = 2147483647;
			files = (
			);
			inputFileListPaths = (
			);
			inputPaths = (
				"${PODS_PODFILE_DIR_PATH}/Podfile.lock",
				"${PODS_ROOT}/Manifest.lock",
			);
			name = "[CP] Check Pods Manifest.lock";
			outputFileListPaths = (
			);
			outputPaths = (
				"$(DERIVED_FILE_DIR)/Pods-Canopii-tvOS-checkManifestLockResult.txt",
			);
			runOnlyForDeploymentPostprocessing = 0;
			shellPath = /bin/sh;
			shellScript = "diff \"${PODS_PODFILE_DIR_PATH}/Podfile.lock\" \"${PODS_ROOT}/Manifest.lock\" > /dev/null\nif [ $? != 0 ] ; then\n    # print error to STDERR\n    echo \"error: The sandbox is not in sync with the Podfile.lock. Run 'pod install' or update your CocoaPods installation.\" >&2\n    exit 1\nfi\n# This output is used by Xcode 'outputs' to avoid re-running this script phase.\necho \"SUCCESS\" > \"${SCRIPT_OUTPUT_FILE_0}\"\n";
			showEnvVarsInLog = 0;
		};
		C182B38708547D45303CAB13 /* [CP] Check Pods Manifest.lock */ = {
			isa = PBXShellScriptBuildPhase;
			buildActionMask = 2147483647;
			files = (
			);
			inputFileListPaths = (
			);
			inputPaths = (
				"${PODS_PODFILE_DIR_PATH}/Podfile.lock",
				"${PODS_ROOT}/Manifest.lock",
			);
			name = "[CP] Check Pods Manifest.lock";
			outputFileListPaths = (
			);
			outputPaths = (
				"$(DERIVED_FILE_DIR)/Pods-Canopii-checkManifestLockResult.txt",
			);
			runOnlyForDeploymentPostprocessing = 0;
			shellPath = /bin/sh;
			shellScript = "diff \"${PODS_PODFILE_DIR_PATH}/Podfile.lock\" \"${PODS_ROOT}/Manifest.lock\" > /dev/null\nif [ $? != 0 ] ; then\n    # print error to STDERR\n    echo \"error: The sandbox is not in sync with the Podfile.lock. Run 'pod install' or update your CocoaPods installation.\" >&2\n    exit 1\nfi\n# This output is used by Xcode 'outputs' to avoid re-running this script phase.\necho \"SUCCESS\" > \"${SCRIPT_OUTPUT_FILE_0}\"\n";
			showEnvVarsInLog = 0;
		};
		E628FF825ECA6A30FA3AD9E6 /* [CP] Copy Pods Resources */ = {
			isa = PBXShellScriptBuildPhase;
			buildActionMask = 2147483647;
			files = (
			);
			inputPaths = (
				"${PODS_ROOT}/Target Support Files/Pods-Canopii/Pods-Canopii-resources.sh",
				"${PODS_ROOT}/../../node_modules/react-native-vector-icons/Fonts/AntDesign.ttf",
				"${PODS_ROOT}/../../node_modules/react-native-vector-icons/Fonts/Entypo.ttf",
				"${PODS_ROOT}/../../node_modules/react-native-vector-icons/Fonts/EvilIcons.ttf",
				"${PODS_ROOT}/../../node_modules/react-native-vector-icons/Fonts/Feather.ttf",
				"${PODS_ROOT}/../../node_modules/react-native-vector-icons/Fonts/FontAwesome.ttf",
				"${PODS_ROOT}/../../node_modules/react-native-vector-icons/Fonts/FontAwesome5_Brands.ttf",
				"${PODS_ROOT}/../../node_modules/react-native-vector-icons/Fonts/FontAwesome5_Regular.ttf",
				"${PODS_ROOT}/../../node_modules/react-native-vector-icons/Fonts/FontAwesome5_Solid.ttf",
				"${PODS_ROOT}/../../node_modules/react-native-vector-icons/Fonts/Fontisto.ttf",
				"${PODS_ROOT}/../../node_modules/react-native-vector-icons/Fonts/Foundation.ttf",
				"${PODS_ROOT}/../../node_modules/react-native-vector-icons/Fonts/Ionicons.ttf",
				"${PODS_ROOT}/../../node_modules/react-native-vector-icons/Fonts/MaterialCommunityIcons.ttf",
				"${PODS_ROOT}/../../node_modules/react-native-vector-icons/Fonts/MaterialIcons.ttf",
				"${PODS_ROOT}/../../node_modules/react-native-vector-icons/Fonts/Octicons.ttf",
				"${PODS_ROOT}/../../node_modules/react-native-vector-icons/Fonts/SimpleLineIcons.ttf",
				"${PODS_ROOT}/../../node_modules/react-native-vector-icons/Fonts/Zocial.ttf",
			);
			name = "[CP] Copy Pods Resources";
			outputPaths = (
				"${TARGET_BUILD_DIR}/${UNLOCALIZED_RESOURCES_FOLDER_PATH}/AntDesign.ttf",
				"${TARGET_BUILD_DIR}/${UNLOCALIZED_RESOURCES_FOLDER_PATH}/Entypo.ttf",
				"${TARGET_BUILD_DIR}/${UNLOCALIZED_RESOURCES_FOLDER_PATH}/EvilIcons.ttf",
				"${TARGET_BUILD_DIR}/${UNLOCALIZED_RESOURCES_FOLDER_PATH}/Feather.ttf",
				"${TARGET_BUILD_DIR}/${UNLOCALIZED_RESOURCES_FOLDER_PATH}/FontAwesome.ttf",
				"${TARGET_BUILD_DIR}/${UNLOCALIZED_RESOURCES_FOLDER_PATH}/FontAwesome5_Brands.ttf",
				"${TARGET_BUILD_DIR}/${UNLOCALIZED_RESOURCES_FOLDER_PATH}/FontAwesome5_Regular.ttf",
				"${TARGET_BUILD_DIR}/${UNLOCALIZED_RESOURCES_FOLDER_PATH}/FontAwesome5_Solid.ttf",
				"${TARGET_BUILD_DIR}/${UNLOCALIZED_RESOURCES_FOLDER_PATH}/Fontisto.ttf",
				"${TARGET_BUILD_DIR}/${UNLOCALIZED_RESOURCES_FOLDER_PATH}/Foundation.ttf",
				"${TARGET_BUILD_DIR}/${UNLOCALIZED_RESOURCES_FOLDER_PATH}/Ionicons.ttf",
				"${TARGET_BUILD_DIR}/${UNLOCALIZED_RESOURCES_FOLDER_PATH}/MaterialCommunityIcons.ttf",
				"${TARGET_BUILD_DIR}/${UNLOCALIZED_RESOURCES_FOLDER_PATH}/MaterialIcons.ttf",
				"${TARGET_BUILD_DIR}/${UNLOCALIZED_RESOURCES_FOLDER_PATH}/Octicons.ttf",
				"${TARGET_BUILD_DIR}/${UNLOCALIZED_RESOURCES_FOLDER_PATH}/SimpleLineIcons.ttf",
				"${TARGET_BUILD_DIR}/${UNLOCALIZED_RESOURCES_FOLDER_PATH}/Zocial.ttf",
			);
			runOnlyForDeploymentPostprocessing = 0;
			shellPath = /bin/sh;
			shellScript = "\"${PODS_ROOT}/Target Support Files/Pods-Canopii/Pods-Canopii-resources.sh\"\n";
			showEnvVarsInLog = 0;
		};
		FD10A7F022414F080027D42C /* Start Packager */ = {
			isa = PBXShellScriptBuildPhase;
			buildActionMask = 2147483647;
			files = (
			);
			inputFileListPaths = (
			);
			inputPaths = (
			);
			name = "Start Packager";
			outputFileListPaths = (
			);
			outputPaths = (
			);
			runOnlyForDeploymentPostprocessing = 0;
			shellPath = /bin/sh;
			shellScript = "export RCT_METRO_PORT=\"${RCT_METRO_PORT:=8081}\"\necho \"export RCT_METRO_PORT=${RCT_METRO_PORT}\" > \"${SRCROOT}/../node_modules/react-native/scripts/.packager.env\"\nif [ -z \"${RCT_NO_LAUNCH_PACKAGER+xxx}\" ] ; then\n  if nc -w 5 -z localhost ${RCT_METRO_PORT} ; then\n    if ! curl -s \"http://localhost:${RCT_METRO_PORT}/status\" | grep -q \"packager-status:running\" ; then\n      echo \"Port ${RCT_METRO_PORT} already in use, packager is either not running or not running correctly\"\n      exit 2\n    fi\n  else\n    open \"$SRCROOT/../node_modules/react-native/scripts/launchPackager.command\" || echo \"Can't start packager automatically\"\n  fi\nfi\n";
			showEnvVarsInLog = 0;
		};
		FD10A7F122414F3F0027D42C /* Start Packager */ = {
			isa = PBXShellScriptBuildPhase;
			buildActionMask = 2147483647;
			files = (
			);
			inputFileListPaths = (
			);
			inputPaths = (
			);
			name = "Start Packager";
			outputFileListPaths = (
			);
			outputPaths = (
			);
			runOnlyForDeploymentPostprocessing = 0;
			shellPath = /bin/sh;
			shellScript = "export RCT_METRO_PORT=\"${RCT_METRO_PORT:=8081}\"\necho \"export RCT_METRO_PORT=${RCT_METRO_PORT}\" > \"${SRCROOT}/../node_modules/react-native/scripts/.packager.env\"\nif [ -z \"${RCT_NO_LAUNCH_PACKAGER+xxx}\" ] ; then\n  if nc -w 5 -z localhost ${RCT_METRO_PORT} ; then\n    if ! curl -s \"http://localhost:${RCT_METRO_PORT}/status\" | grep -q \"packager-status:running\" ; then\n      echo \"Port ${RCT_METRO_PORT} already in use, packager is either not running or not running correctly\"\n      exit 2\n    fi\n  else\n    open \"$SRCROOT/../node_modules/react-native/scripts/launchPackager.command\" || echo \"Can't start packager automatically\"\n  fi\nfi\n";
			showEnvVarsInLog = 0;
		};
		FFE84C2D219371AC0A079DA1 /* [CP] Check Pods Manifest.lock */ = {
			isa = PBXShellScriptBuildPhase;
			buildActionMask = 2147483647;
			files = (
			);
			inputFileListPaths = (
			);
			inputPaths = (
				"${PODS_PODFILE_DIR_PATH}/Podfile.lock",
				"${PODS_ROOT}/Manifest.lock",
			);
			name = "[CP] Check Pods Manifest.lock";
			outputFileListPaths = (
			);
			outputPaths = (
				"$(DERIVED_FILE_DIR)/Pods-Canopii-tvOSTests-checkManifestLockResult.txt",
			);
			runOnlyForDeploymentPostprocessing = 0;
			shellPath = /bin/sh;
			shellScript = "diff \"${PODS_PODFILE_DIR_PATH}/Podfile.lock\" \"${PODS_ROOT}/Manifest.lock\" > /dev/null\nif [ $? != 0 ] ; then\n    # print error to STDERR\n    echo \"error: The sandbox is not in sync with the Podfile.lock. Run 'pod install' or update your CocoaPods installation.\" >&2\n    exit 1\nfi\n# This output is used by Xcode 'outputs' to avoid re-running this script phase.\necho \"SUCCESS\" > \"${SCRIPT_OUTPUT_FILE_0}\"\n";
			showEnvVarsInLog = 0;
		};
/* End PBXShellScriptBuildPhase section */

/* Begin PBXSourcesBuildPhase section */
		00E356EA1AD99517003FC87E /* Sources */ = {
			isa = PBXSourcesBuildPhase;
			buildActionMask = 2147483647;
			files = (
				00E356F31AD99517003FC87E /* CanopiiTests.m in Sources */,
			);
			runOnlyForDeploymentPostprocessing = 0;
		};
		13B07F871A680F5B00A75B9A /* Sources */ = {
			isa = PBXSourcesBuildPhase;
			buildActionMask = 2147483647;
			files = (
				13B07FBC1A68108700A75B9A /* AppDelegate.m in Sources */,
				13B07FC11A68108700A75B9A /* main.m in Sources */,
			);
			runOnlyForDeploymentPostprocessing = 0;
		};
		2D02E4771E0B4A5D006451C7 /* Sources */ = {
			isa = PBXSourcesBuildPhase;
			buildActionMask = 2147483647;
			files = (
				2D02E4BF1E0B4AB3006451C7 /* main.m in Sources */,
				2D02E4BC1E0B4A80006451C7 /* AppDelegate.m in Sources */,
			);
			runOnlyForDeploymentPostprocessing = 0;
		};
		2D02E48C1E0B4A5D006451C7 /* Sources */ = {
			isa = PBXSourcesBuildPhase;
			buildActionMask = 2147483647;
			files = (
				2DCD954D1E0B4F2C00145EB5 /* CanopiiTests.m in Sources */,
			);
			runOnlyForDeploymentPostprocessing = 0;
		};
/* End PBXSourcesBuildPhase section */

/* Begin PBXTargetDependency section */
		00E356F51AD99517003FC87E /* PBXTargetDependency */ = {
			isa = PBXTargetDependency;
			target = 13B07F861A680F5B00A75B9A /* Canopii */;
			targetProxy = 00E356F41AD99517003FC87E /* PBXContainerItemProxy */;
		};
		2D02E4921E0B4A5D006451C7 /* PBXTargetDependency */ = {
			isa = PBXTargetDependency;
			target = 2D02E47A1E0B4A5D006451C7 /* Canopii-tvOS */;
			targetProxy = 2D02E4911E0B4A5D006451C7 /* PBXContainerItemProxy */;
		};
/* End PBXTargetDependency section */

/* Begin PBXVariantGroup section */
		13B07FB11A68108700A75B9A /* LaunchScreen.xib */ = {
			isa = PBXVariantGroup;
			children = (
				13B07FB21A68108700A75B9A /* Base */,
			);
			name = LaunchScreen.xib;
			path = Canopii;
			sourceTree = "<group>";
		};
/* End PBXVariantGroup section */

/* Begin XCBuildConfiguration section */
		00E356F61AD99517003FC87E /* Debug */ = {
			isa = XCBuildConfiguration;
			baseConfigurationReference = BFE4DFEEBB3653D0840CBC3B /* Pods-CanopiiTests.debug.xcconfig */;
			buildSettings = {
				BUNDLE_LOADER = "$(TEST_HOST)";
				"CODE_SIGN_IDENTITY[sdk=macosx*]" = "-";
				DEVELOPMENT_TEAM = U9UDK29MLW;
				GCC_PREPROCESSOR_DEFINITIONS = (
					"DEBUG=1",
					"$(inherited)",
				);
				INFOPLIST_FILE = CanopiiTests/Info.plist;
				IPHONEOS_DEPLOYMENT_TARGET = 9.0;
				LD_RUNPATH_SEARCH_PATHS = "$(inherited) @executable_path/Frameworks @loader_path/Frameworks";
				OTHER_LDFLAGS = (
					"-ObjC",
					"-lc++",
					"$(inherited)",
				);
				PRODUCT_BUNDLE_IDENTIFIER = "org.reactjs.native.example.$(PRODUCT_NAME:rfc1034identifier)";
				PRODUCT_NAME = "$(TARGET_NAME)";
				TEST_HOST = "$(BUILT_PRODUCTS_DIR)/Canopii.app/Canopii";
			};
			name = Debug;
		};
		00E356F71AD99517003FC87E /* Release */ = {
			isa = XCBuildConfiguration;
			baseConfigurationReference = 5C42B5FB5B6BBC6D0137570F /* Pods-CanopiiTests.release.xcconfig */;
			buildSettings = {
				BUNDLE_LOADER = "$(TEST_HOST)";
				"CODE_SIGN_IDENTITY[sdk=macosx*]" = "-";
				COPY_PHASE_STRIP = NO;
				DEVELOPMENT_TEAM = U9UDK29MLW;
				INFOPLIST_FILE = CanopiiTests/Info.plist;
				IPHONEOS_DEPLOYMENT_TARGET = 9.0;
				LD_RUNPATH_SEARCH_PATHS = "$(inherited) @executable_path/Frameworks @loader_path/Frameworks";
				OTHER_LDFLAGS = (
					"-ObjC",
					"-lc++",
					"$(inherited)",
				);
				PRODUCT_BUNDLE_IDENTIFIER = "org.reactjs.native.example.$(PRODUCT_NAME:rfc1034identifier)";
				PRODUCT_NAME = "$(TARGET_NAME)";
				TEST_HOST = "$(BUILT_PRODUCTS_DIR)/Canopii.app/Canopii";
			};
			name = Release;
		};
		13B07F941A680F5B00A75B9A /* Debug */ = {
			isa = XCBuildConfiguration;
			baseConfigurationReference = 18025CA8B6A0C40ECE407B15 /* Pods-Canopii.debug.xcconfig */;
			buildSettings = {
				ASSETCATALOG_COMPILER_APPICON_NAME = AppIcon;
				CURRENT_PROJECT_VERSION = 1;
				DEAD_CODE_STRIPPING = NO;
				DEVELOPMENT_TEAM = U9UDK29MLW;
				INFOPLIST_FILE = Canopii/Info.plist;
				LD_RUNPATH_SEARCH_PATHS = "$(inherited) @executable_path/Frameworks";
				OTHER_LDFLAGS = (
					"$(inherited)",
					"-ObjC",
					"-lc++",
				);
				PRODUCT_BUNDLE_IDENTIFIER = "org.reactjs.native.example.$(PRODUCT_NAME:rfc1034identifier)";
				PRODUCT_NAME = Canopii;
				VERSIONING_SYSTEM = "apple-generic";
			};
			name = Debug;
		};
		13B07F951A680F5B00A75B9A /* Release */ = {
			isa = XCBuildConfiguration;
			baseConfigurationReference = E0388A066EE32FFD450A2DE9 /* Pods-Canopii.release.xcconfig */;
			buildSettings = {
				ASSETCATALOG_COMPILER_APPICON_NAME = AppIcon;
				CURRENT_PROJECT_VERSION = 1;
				DEAD_CODE_STRIPPING = NO;
				DEVELOPMENT_TEAM = U9UDK29MLW;
				INFOPLIST_FILE = Canopii/Info.plist;
				LD_RUNPATH_SEARCH_PATHS = "$(inherited) @executable_path/Frameworks";
				OTHER_LDFLAGS = (
					"$(inherited)",
					"-ObjC",
					"-lc++",
				);
				PRODUCT_BUNDLE_IDENTIFIER = "org.reactjs.native.example.$(PRODUCT_NAME:rfc1034identifier)";
				PRODUCT_NAME = Canopii;
				VERSIONING_SYSTEM = "apple-generic";
			};
			name = Release;
		};
		2D02E4971E0B4A5E006451C7 /* Debug */ = {
			isa = XCBuildConfiguration;
			baseConfigurationReference = F16BC3DE04728E8E899E9C21 /* Pods-Canopii-tvOS.debug.xcconfig */;
			buildSettings = {
				ASSETCATALOG_COMPILER_APPICON_NAME = "App Icon & Top Shelf Image";
				ASSETCATALOG_COMPILER_LAUNCHIMAGE_NAME = LaunchImage;
				CLANG_ANALYZER_NONNULL = YES;
				CLANG_WARN_DOCUMENTATION_COMMENTS = YES;
				CLANG_WARN_INFINITE_RECURSION = YES;
				CLANG_WARN_SUSPICIOUS_MOVE = YES;
				DEBUG_INFORMATION_FORMAT = dwarf;
				ENABLE_TESTABILITY = YES;
				GCC_NO_COMMON_BLOCKS = YES;
				INFOPLIST_FILE = "Canopii-tvOS/Info.plist";
				LD_RUNPATH_SEARCH_PATHS = "$(inherited) @executable_path/Frameworks";
				OTHER_LDFLAGS = (
					"$(inherited)",
					"-ObjC",
					"-lc++",
				);
				PRODUCT_BUNDLE_IDENTIFIER = "com.facebook.REACT.Canopii-tvOS";
				PRODUCT_NAME = "$(TARGET_NAME)";
				SDKROOT = appletvos;
				TARGETED_DEVICE_FAMILY = 3;
				TVOS_DEPLOYMENT_TARGET = 9.2;
			};
			name = Debug;
		};
		2D02E4981E0B4A5E006451C7 /* Release */ = {
			isa = XCBuildConfiguration;
			baseConfigurationReference = 90886F9F06581FDBBEAC6D88 /* Pods-Canopii-tvOS.release.xcconfig */;
			buildSettings = {
				ASSETCATALOG_COMPILER_APPICON_NAME = "App Icon & Top Shelf Image";
				ASSETCATALOG_COMPILER_LAUNCHIMAGE_NAME = LaunchImage;
				CLANG_ANALYZER_NONNULL = YES;
				CLANG_WARN_DOCUMENTATION_COMMENTS = YES;
				CLANG_WARN_INFINITE_RECURSION = YES;
				CLANG_WARN_SUSPICIOUS_MOVE = YES;
				COPY_PHASE_STRIP = NO;
				DEBUG_INFORMATION_FORMAT = "dwarf-with-dsym";
				GCC_NO_COMMON_BLOCKS = YES;
				INFOPLIST_FILE = "Canopii-tvOS/Info.plist";
				LD_RUNPATH_SEARCH_PATHS = "$(inherited) @executable_path/Frameworks";
				OTHER_LDFLAGS = (
					"$(inherited)",
					"-ObjC",
					"-lc++",
				);
				PRODUCT_BUNDLE_IDENTIFIER = "com.facebook.REACT.Canopii-tvOS";
				PRODUCT_NAME = "$(TARGET_NAME)";
				SDKROOT = appletvos;
				TARGETED_DEVICE_FAMILY = 3;
				TVOS_DEPLOYMENT_TARGET = 9.2;
			};
			name = Release;
		};
		2D02E4991E0B4A5E006451C7 /* Debug */ = {
			isa = XCBuildConfiguration;
			baseConfigurationReference = 6ABB8255E75A1C033E54CC5A /* Pods-Canopii-tvOSTests.debug.xcconfig */;
			buildSettings = {
				BUNDLE_LOADER = "$(TEST_HOST)";
				CLANG_ANALYZER_NONNULL = YES;
				CLANG_WARN_DOCUMENTATION_COMMENTS = YES;
				CLANG_WARN_INFINITE_RECURSION = YES;
				CLANG_WARN_SUSPICIOUS_MOVE = YES;
				DEBUG_INFORMATION_FORMAT = dwarf;
				ENABLE_TESTABILITY = YES;
				GCC_NO_COMMON_BLOCKS = YES;
				INFOPLIST_FILE = "Canopii-tvOSTests/Info.plist";
				LD_RUNPATH_SEARCH_PATHS = "$(inherited) @executable_path/Frameworks @loader_path/Frameworks";
				OTHER_LDFLAGS = (
					"$(inherited)",
					"-ObjC",
					"-lc++",
				);
				PRODUCT_BUNDLE_IDENTIFIER = "com.facebook.REACT.Canopii-tvOSTests";
				PRODUCT_NAME = "$(TARGET_NAME)";
				SDKROOT = appletvos;
				TEST_HOST = "$(BUILT_PRODUCTS_DIR)/Canopii-tvOS.app/Canopii-tvOS";
				TVOS_DEPLOYMENT_TARGET = 10.1;
			};
			name = Debug;
		};
		2D02E49A1E0B4A5E006451C7 /* Release */ = {
			isa = XCBuildConfiguration;
			baseConfigurationReference = 8BB6520014AB47FD6CBAE823 /* Pods-Canopii-tvOSTests.release.xcconfig */;
			buildSettings = {
				BUNDLE_LOADER = "$(TEST_HOST)";
				CLANG_ANALYZER_NONNULL = YES;
				CLANG_WARN_DOCUMENTATION_COMMENTS = YES;
				CLANG_WARN_INFINITE_RECURSION = YES;
				CLANG_WARN_SUSPICIOUS_MOVE = YES;
				COPY_PHASE_STRIP = NO;
				DEBUG_INFORMATION_FORMAT = "dwarf-with-dsym";
				GCC_NO_COMMON_BLOCKS = YES;
				INFOPLIST_FILE = "Canopii-tvOSTests/Info.plist";
				LD_RUNPATH_SEARCH_PATHS = "$(inherited) @executable_path/Frameworks @loader_path/Frameworks";
				OTHER_LDFLAGS = (
					"$(inherited)",
					"-ObjC",
					"-lc++",
				);
				PRODUCT_BUNDLE_IDENTIFIER = "com.facebook.REACT.Canopii-tvOSTests";
				PRODUCT_NAME = "$(TARGET_NAME)";
				SDKROOT = appletvos;
				TEST_HOST = "$(BUILT_PRODUCTS_DIR)/Canopii-tvOS.app/Canopii-tvOS";
				TVOS_DEPLOYMENT_TARGET = 10.1;
			};
			name = Release;
		};
		83CBBA201A601CBA00E9B192 /* Debug */ = {
			isa = XCBuildConfiguration;
			buildSettings = {
				ALWAYS_SEARCH_USER_PATHS = NO;
				CLANG_ANALYZER_LOCALIZABILITY_NONLOCALIZED = YES;
				CLANG_CXX_LANGUAGE_STANDARD = "gnu++0x";
				CLANG_CXX_LIBRARY = "libc++";
				CLANG_ENABLE_MODULES = YES;
				CLANG_ENABLE_OBJC_ARC = YES;
				CLANG_WARN_BLOCK_CAPTURE_AUTORELEASING = YES;
				CLANG_WARN_BOOL_CONVERSION = YES;
				CLANG_WARN_COMMA = YES;
				CLANG_WARN_CONSTANT_CONVERSION = YES;
				CLANG_WARN_DEPRECATED_OBJC_IMPLEMENTATIONS = YES;
				CLANG_WARN_DIRECT_OBJC_ISA_USAGE = YES_ERROR;
				CLANG_WARN_EMPTY_BODY = YES;
				CLANG_WARN_ENUM_CONVERSION = YES;
				CLANG_WARN_INFINITE_RECURSION = YES;
				CLANG_WARN_INT_CONVERSION = YES;
				CLANG_WARN_NON_LITERAL_NULL_CONVERSION = YES;
				CLANG_WARN_OBJC_IMPLICIT_RETAIN_SELF = YES;
				CLANG_WARN_OBJC_LITERAL_CONVERSION = YES;
				CLANG_WARN_OBJC_ROOT_CLASS = YES_ERROR;
				CLANG_WARN_RANGE_LOOP_ANALYSIS = YES;
				CLANG_WARN_STRICT_PROTOTYPES = YES;
				CLANG_WARN_SUSPICIOUS_MOVE = YES;
				CLANG_WARN_UNREACHABLE_CODE = YES;
				CLANG_WARN__DUPLICATE_METHOD_MATCH = YES;
				"CODE_SIGN_IDENTITY[sdk=iphoneos*]" = "iPhone Developer";
				COPY_PHASE_STRIP = NO;
				ENABLE_STRICT_OBJC_MSGSEND = YES;
				ENABLE_TESTABILITY = YES;
				GCC_C_LANGUAGE_STANDARD = gnu99;
				GCC_DYNAMIC_NO_PIC = NO;
				GCC_NO_COMMON_BLOCKS = YES;
				GCC_OPTIMIZATION_LEVEL = 0;
				GCC_PREPROCESSOR_DEFINITIONS = (
					"DEBUG=1",
					"$(inherited)",
				);
				GCC_SYMBOLS_PRIVATE_EXTERN = NO;
				GCC_WARN_64_TO_32_BIT_CONVERSION = YES;
				GCC_WARN_ABOUT_RETURN_TYPE = YES_ERROR;
				GCC_WARN_UNDECLARED_SELECTOR = YES;
				GCC_WARN_UNINITIALIZED_AUTOS = YES_AGGRESSIVE;
				GCC_WARN_UNUSED_FUNCTION = YES;
				GCC_WARN_UNUSED_VARIABLE = YES;
				IPHONEOS_DEPLOYMENT_TARGET = 9.0;
				MTL_ENABLE_DEBUG_INFO = YES;
				ONLY_ACTIVE_ARCH = YES;
				SDKROOT = iphoneos;
			};
			name = Debug;
		};
		83CBBA211A601CBA00E9B192 /* Release */ = {
			isa = XCBuildConfiguration;
			buildSettings = {
				ALWAYS_SEARCH_USER_PATHS = NO;
				CLANG_ANALYZER_LOCALIZABILITY_NONLOCALIZED = YES;
				CLANG_CXX_LANGUAGE_STANDARD = "gnu++0x";
				CLANG_CXX_LIBRARY = "libc++";
				CLANG_ENABLE_MODULES = YES;
				CLANG_ENABLE_OBJC_ARC = YES;
				CLANG_WARN_BLOCK_CAPTURE_AUTORELEASING = YES;
				CLANG_WARN_BOOL_CONVERSION = YES;
				CLANG_WARN_COMMA = YES;
				CLANG_WARN_CONSTANT_CONVERSION = YES;
				CLANG_WARN_DEPRECATED_OBJC_IMPLEMENTATIONS = YES;
				CLANG_WARN_DIRECT_OBJC_ISA_USAGE = YES_ERROR;
				CLANG_WARN_EMPTY_BODY = YES;
				CLANG_WARN_ENUM_CONVERSION = YES;
				CLANG_WARN_INFINITE_RECURSION = YES;
				CLANG_WARN_INT_CONVERSION = YES;
				CLANG_WARN_NON_LITERAL_NULL_CONVERSION = YES;
				CLANG_WARN_OBJC_IMPLICIT_RETAIN_SELF = YES;
				CLANG_WARN_OBJC_LITERAL_CONVERSION = YES;
				CLANG_WARN_OBJC_ROOT_CLASS = YES_ERROR;
				CLANG_WARN_RANGE_LOOP_ANALYSIS = YES;
				CLANG_WARN_STRICT_PROTOTYPES = YES;
				CLANG_WARN_SUSPICIOUS_MOVE = YES;
				CLANG_WARN_UNREACHABLE_CODE = YES;
				CLANG_WARN__DUPLICATE_METHOD_MATCH = YES;
				"CODE_SIGN_IDENTITY[sdk=iphoneos*]" = "iPhone Developer";
				COPY_PHASE_STRIP = YES;
				ENABLE_NS_ASSERTIONS = NO;
				ENABLE_STRICT_OBJC_MSGSEND = YES;
				GCC_C_LANGUAGE_STANDARD = gnu99;
				GCC_NO_COMMON_BLOCKS = YES;
				GCC_WARN_64_TO_32_BIT_CONVERSION = YES;
				GCC_WARN_ABOUT_RETURN_TYPE = YES_ERROR;
				GCC_WARN_UNDECLARED_SELECTOR = YES;
				GCC_WARN_UNINITIALIZED_AUTOS = YES_AGGRESSIVE;
				GCC_WARN_UNUSED_FUNCTION = YES;
				GCC_WARN_UNUSED_VARIABLE = YES;
				IPHONEOS_DEPLOYMENT_TARGET = 9.0;
				MTL_ENABLE_DEBUG_INFO = NO;
				SDKROOT = iphoneos;
				VALIDATE_PRODUCT = YES;
			};
			name = Release;
		};
/* End XCBuildConfiguration section */

/* Begin XCConfigurationList section */
		00E357021AD99517003FC87E /* Build configuration list for PBXNativeTarget "CanopiiTests" */ = {
			isa = XCConfigurationList;
			buildConfigurations = (
				00E356F61AD99517003FC87E /* Debug */,
				00E356F71AD99517003FC87E /* Release */,
			);
			defaultConfigurationIsVisible = 0;
			defaultConfigurationName = Release;
		};
		13B07F931A680F5B00A75B9A /* Build configuration list for PBXNativeTarget "Canopii" */ = {
			isa = XCConfigurationList;
			buildConfigurations = (
				13B07F941A680F5B00A75B9A /* Debug */,
				13B07F951A680F5B00A75B9A /* Release */,
			);
			defaultConfigurationIsVisible = 0;
			defaultConfigurationName = Release;
		};
		2D02E4BA1E0B4A5E006451C7 /* Build configuration list for PBXNativeTarget "Canopii-tvOS" */ = {
			isa = XCConfigurationList;
			buildConfigurations = (
				2D02E4971E0B4A5E006451C7 /* Debug */,
				2D02E4981E0B4A5E006451C7 /* Release */,
			);
			defaultConfigurationIsVisible = 0;
			defaultConfigurationName = Release;
		};
		2D02E4BB1E0B4A5E006451C7 /* Build configuration list for PBXNativeTarget "Canopii-tvOSTests" */ = {
			isa = XCConfigurationList;
			buildConfigurations = (
				2D02E4991E0B4A5E006451C7 /* Debug */,
				2D02E49A1E0B4A5E006451C7 /* Release */,
			);
			defaultConfigurationIsVisible = 0;
			defaultConfigurationName = Release;
		};
		83CBB9FA1A601CBA00E9B192 /* Build configuration list for PBXProject "Canopii" */ = {
			isa = XCConfigurationList;
			buildConfigurations = (
				83CBBA201A601CBA00E9B192 /* Debug */,
				83CBBA211A601CBA00E9B192 /* Release */,
			);
			defaultConfigurationIsVisible = 0;
			defaultConfigurationName = Release;
		};
/* End XCConfigurationList section */
	};
	rootObject = 83CBB9F71A601CBA00E9B192 /* Project object */;
}
